
Microsoft Visual Studio Solution File, Format Version 12.00
# Visual Studio Version 17
VisualStudioVersion = 17.7.34024.191
MinimumVisualStudioVersion = 10.0.40219.1
Project("{9A19103F-16F7-4668-BE54-9A1E7A4F7556}") = "TraversalCoreProje", "TraversalCoreProje\TraversalCoreProje.csproj", "{6BC222B0-E207-4AB5-9855-9E395A268DC7}"
EndProject
Project("{9A19103F-16F7-4668-BE54-9A1E7A4F7556}") = "EntityLayer", "EntityLayer\EntityLayer.csproj", "{2DE7C342-15F6-4867-8E83-C1BC9B00081C}"
EndProject
Project("{9A19103F-16F7-4668-BE54-9A1E7A4F7556}") = "DataAccessLayer", "DataAccessLayer\DataAccessLayer.csproj", "{3F171474-EDF5-4DA1-85B3-74C8222F368B}"
EndProject
Project("{9A19103F-16F7-4668-BE54-9A1E7A4F7556}") = "BusinessLayer", "BusinessLayer\BusinessLayer.csproj", "{FE315699-B748-400C-B2B1-8C41C505D909}"
EndProject
Project("{9A19103F-16F7-4668-BE54-9A1E7A4F7556}") = "DTOLayer", "DTOLayer\DTOLayer.csproj", "{4278E5BA-C20B-4836-902E-51C915391BF9}"
EndProject
Project("{9A19103F-16F7-4668-BE54-9A1E7A4F7556}") = "SignalRApi", "SignalRApi\SignalRApi.csproj", "{CE6DFFA6-7134-42C3-80E5-9390546F419D}"
EndProject
Project("{FAE04EC0-301F-11D3-BF4B-00C04F79EFBC}") = "SingalRConsume", "SingalRConsume\SingalRConsume.csproj", "{D49176AC-1811-4A93-805A-899B47BDE897}"
EndProject
Global
	GlobalSection(SolutionConfigurationPlatforms) = preSolution
		Debug|Any CPU = Debug|Any CPU
		Release|Any CPU = Release|Any CPU
	EndGlobalSection
	GlobalSection(ProjectConfigurationPlatforms) = postSolution
		{6BC222B0-E207-4AB5-9855-9E395A268DC7}.Debug|Any CPU.ActiveCfg = Debug|Any CPU
		{6BC222B0-E207-4AB5-9855-9E395A268DC7}.Debug|Any CPU.Build.0 = Debug|Any CPU
		{6BC222B0-E207-4AB5-9855-9E395A268DC7}.Release|Any CPU.ActiveCfg = Release|Any CPU
		{6BC222B0-E207-4AB5-9855-9E395A268DC7}.Release|Any CPU.Build.0 = Release|Any CPU
		{2DE7C342-15F6-4867-8E83-C1BC9B00081C}.Debug|Any CPU.ActiveCfg = Debug|Any CPU
		{2DE7C342-15F6-4867-8E83-C1BC9B00081C}.Debug|Any CPU.Build.0 = Debug|Any CPU
		{2DE7C342-15F6-4867-8E83-C1BC9B00081C}.Release|Any CPU.ActiveCfg = Release|Any CPU
		{2DE7C342-15F6-4867-8E83-C1BC9B00081C}.Release|Any CPU.Build.0 = Release|Any CPU
		{3F171474-EDF5-4DA1-85B3-74C8222F368B}.Debug|Any CPU.ActiveCfg = Debug|Any CPU
		{3F171474-EDF5-4DA1-85B3-74C8222F368B}.Debug|Any CPU.Build.0 = Debug|Any CPU
		{3F171474-EDF5-4DA1-85B3-74C8222F368B}.Release|Any CPU.ActiveCfg = Release|Any CPU
		{3F171474-EDF5-4DA1-85B3-74C8222F368B}.Release|Any CPU.Build.0 = Release|Any CPU
		{FE315699-B748-400C-B2B1-8C41C505D909}.Debug|Any CPU.ActiveCfg = Debug|Any CPU
		{FE315699-B748-400C-B2B1-8C41C505D909}.Debug|Any CPU.Build.0 = Debug|Any CPU
		{FE315699-B748-400C-B2B1-8C41C505D909}.Release|Any CPU.ActiveCfg = Release|Any CPU
		{FE315699-B748-400C-B2B1-8C41C505D909}.Release|Any CPU.Build.0 = Release|Any CPU
		{4278E5BA-C20B-4836-902E-51C915391BF9}.Debug|Any CPU.ActiveCfg = Debug|Any CPU
		{4278E5BA-C20B-4836-902E-51C915391BF9}.Debug|Any CPU.Build.0 = Debug|Any CPU
		{4278E5BA-C20B-4836-902E-51C915391BF9}.Release|Any CPU.ActiveCfg = Release|Any CPU
		{4278E5BA-C20B-4836-902E-51C915391BF9}.Release|Any CPU.Build.0 = Release|Any CPU
		{CE6DFFA6-7134-42C3-80E5-9390546F419D}.Debug|Any CPU.ActiveCfg = Debug|Any CPU
		{CE6DFFA6-7134-42C3-80E5-9390546F419D}.Debug|Any CPU.Build.0 = Debug|Any CPU
		{CE6DFFA6-7134-42C3-80E5-9390546F419D}.Release|Any CPU.ActiveCfg = Release|Any CPU
		{CE6DFFA6-7134-42C3-80E5-9390546F419D}.Release|Any CPU.Build.0 = Release|Any CPU
		{D49176AC-1811-4A93-805A-899B47BDE897}.Debug|Any CPU.ActiveCfg = Debug|Any CPU
		{D49176AC-1811-4A93-805A-899B47BDE897}.Debug|Any CPU.Build.0 = Debug|Any CPU
		{D49176AC-1811-4A93-805A-899B47BDE897}.Release|Any CPU.ActiveCfg = Release|Any CPU
		{D49176AC-1811-4A93-805A-899B47BDE897}.Release|Any CPU.Build.0 = Release|Any CPU
	EndGlobalSection
	GlobalSection(SolutionProperties) = preSolution
		HideSolutionNode = FALSE
	EndGlobalSection
	GlobalSection(ExtensibilityGlobals) = postSolution
		SolutionGuid = {F021099D-1913-4FED-9DEF-0109D7F9BCB3}
	EndGlobalSection
EndGlobal
